
Microsoft Visual Studio Solution File, Format Version 12.00
# Visual Studio 14
VisualStudioVersion = 14.0.25420.1
MinimumVisualStudioVersion = 10.0.40219.1
Project("{FAE04EC0-301F-11D3-BF4B-00C04F79EFBC}") = "DuplicationChecker", "DuplicationChecker\DuplicationChecker.csproj", "{6AD3069D-7619-4FE9-9253-C852356305C2}"
EndProject
Project("{FAE04EC0-301F-11D3-BF4B-00C04F79EFBC}") = "DuplicationCheckerTests", "DuplicationCheckerTests\DuplicationCheckerTests.csproj", "{FF4B5324-4ADD-4459-9982-0D1E8472B920}"
EndProject
Global
	GlobalSection(SolutionConfigurationPlatforms) = preSolution
		Debug|Any CPU = Debug|Any CPU
		Release|Any CPU = Release|Any CPU
	EndGlobalSection
	GlobalSection(ProjectConfigurationPlatforms) = postSolution
		{6AD3069D-7619-4FE9-9253-C852356305C2}.Debug|Any CPU.ActiveCfg = Debug|Any CPU
		{6AD3069D-7619-4FE9-9253-C852356305C2}.Debug|Any CPU.Build.0 = Debug|Any CPU
		{6AD3069D-7619-4FE9-9253-C852356305C2}.Release|Any CPU.ActiveCfg = Release|Any CPU
		{6AD3069D-7619-4FE9-9253-C852356305C2}.Release|Any CPU.Build.0 = Release|Any CPU
		{FF4B5324-4ADD-4459-9982-0D1E8472B920}.Debug|Any CPU.ActiveCfg = Debug|Any CPU
		{FF4B5324-4ADD-4459-9982-0D1E8472B920}.Debug|Any CPU.Build.0 = Debug|Any CPU
		{FF4B5324-4ADD-4459-9982-0D1E8472B920}.Release|Any CPU.ActiveCfg = Release|Any CPU
		{FF4B5324-4ADD-4459-9982-0D1E8472B920}.Release|Any CPU.Build.0 = Release|Any CPU
	EndGlobalSection
	GlobalSection(SolutionProperties) = preSolution
		HideSolutionNode = FALSE
	EndGlobalSection
EndGlobal
